
Microsoft Visual Studio Solution File, Format Version 12.00
# Visual Studio Version 16
VisualStudioVersion = 16.0.32630.194
MinimumVisualStudioVersion = 10.0.40219.1
Project("{FAE04EC0-301F-11D3-BF4B-00C04F79EFBC}") = "BilgiListeleme2", "BilgiListeleme2\BilgiListeleme2.csproj", "{2F5E4A0C-7E49-4C3D-B358-DC886A60F2DF}"
EndProject
Global
	GlobalSection(SolutionConfigurationPlatforms) = preSolution
		Debug|Any CPU = Debug|Any CPU
		Release|Any CPU = Release|Any CPU
	EndGlobalSection
	GlobalSection(ProjectConfigurationPlatforms) = postSolution
		{2F5E4A0C-7E49-4C3D-B358-DC886A60F2DF}.Debug|Any CPU.ActiveCfg = Debug|Any CPU
		{2F5E4A0C-7E49-4C3D-B358-DC886A60F2DF}.Debug|Any CPU.Build.0 = Debug|Any CPU
		{2F5E4A0C-7E49-4C3D-B358-DC886A60F2DF}.Release|Any CPU.ActiveCfg = Release|Any CPU
		{2F5E4A0C-7E49-4C3D-B358-DC886A60F2DF}.Release|Any CPU.Build.0 = Release|Any CPU
	EndGlobalSection
	GlobalSection(SolutionProperties) = preSolution
		HideSolutionNode = FALSE
	EndGlobalSection
	GlobalSection(ExtensibilityGlobals) = postSolution
		SolutionGuid = {03B7D9AC-542F-46CB-9D3D-97A4C4D2247E}
	EndGlobalSection
EndGlobal
