
Microsoft Visual Studio Solution File, Format Version 12.00
# Visual Studio Version 16
VisualStudioVersion = 16.0.32630.194
MinimumVisualStudioVersion = 10.0.40219.1
Project("{FAE04EC0-301F-11D3-BF4B-00C04F79EFBC}") = "BilgiListeleme", "BilgiListeleme\BilgiListeleme.csproj", "{E79A9652-35EC-4904-9EEF-6684C443924B}"
EndProject
Global
	GlobalSection(SolutionConfigurationPlatforms) = preSolution
		Debug|Any CPU = Debug|Any CPU
		Release|Any CPU = Release|Any CPU
	EndGlobalSection
	GlobalSection(ProjectConfigurationPlatforms) = postSolution
		{E79A9652-35EC-4904-9EEF-6684C443924B}.Debug|Any CPU.ActiveCfg = Debug|Any CPU
		{E79A9652-35EC-4904-9EEF-6684C443924B}.Debug|Any CPU.Build.0 = Debug|Any CPU
		{E79A9652-35EC-4904-9EEF-6684C443924B}.Release|Any CPU.ActiveCfg = Release|Any CPU
		{E79A9652-35EC-4904-9EEF-6684C443924B}.Release|Any CPU.Build.0 = Release|Any CPU
	EndGlobalSection
	GlobalSection(SolutionProperties) = preSolution
		HideSolutionNode = FALSE
	EndGlobalSection
	GlobalSection(ExtensibilityGlobals) = postSolution
		SolutionGuid = {18FD4B7E-0550-46FE-A6F1-6B0D412FD38B}
	EndGlobalSection
EndGlobal
